PODS:
  - EasyPeasy (1.4.2)
  - Realm (2.5.1):
    - Realm/Headers (= 2.5.1)
  - Realm/Headers (2.5.1)
  - RealmSwift (2.5.1):
    - Realm (= 2.5.1)
  - SwiftyBeaver (1.2.0)

DEPENDENCIES:
  - EasyPeasy
  - RealmSwift
  - SwiftyBeaver

SPEC CHECKSUMS:
  EasyPeasy: 50e7130b61f495ce105796e438d4136e2c8d2cc0
  Realm: 32f86104d37c8521f864d4274050b38ba6190733
  RealmSwift: f719e7511c902b8908593e8f143f59e47931bdb6
  SwiftyBeaver: ee865c50ec462ff142f232145057818491c2b344

PODFILE CHECKSUM: cd8d1dbf5b3e32f7714fb08ace0062e00f41a828

COCOAPODS: 1.2.1
